PODS:
  - Flutter (1.0.0)
  - flutter_okta_auth_sdk (0.0.1):
    - Flutter
    - OktaJWT
    - OktaOidc
  - flutter_secure_storage (6.0.0):
    - Flutter
  - geolocator_apple (1.2.0):
    - Flutter
  - OktaJWT (2.3.5)
  - OktaOidc (3.11.2):
    - OktaOidc/AppAuth (= 3.11.2)
    - OktaOidc/Okta (= 3.11.2)
  - OktaOidc/AppAuth (3.11.2)
  - OktaOidc/Okta (3.11.2):
    - OktaOidc/AppAuth
  - path_provider_foundation (0.0.1):
    - Flutter
    - FlutterMacOS
  - url_launcher_ios (0.0.1):
    - Flutter

DEPENDENCIES:
  - Flutter (from `Flutter`)
  - flutter_okta_auth_sdk (from `.symlinks/plugins/flutter_okta_auth_sdk/ios`)
  - flutter_secure_storage (from `.symlinks/plugins/flutter_secure_storage/ios`)
  - geolocator_apple (from `.symlinks/plugins/geolocator_apple/ios`)
  - path_provider_foundation (from `.symlinks/plugins/path_provider_foundation/ios`)
  - url_launcher_ios (from `.symlinks/plugins/url_launcher_ios/ios`)

SPEC REPOS:
  trunk:
    - OktaJWT
    - OktaOidc

EXTERNAL SOURCES:
  Flutter:
    :path: Flutter
  flutter_okta_auth_sdk:
    :path: ".symlinks/plugins/flutter_okta_auth_sdk/ios"
  flutter_secure_storage:
    :path: ".symlinks/plugins/flutter_secure_storage/ios"
  geolocator_apple:
    :path: ".symlinks/plugins/geolocator_apple/ios"
  path_provider_foundation:
    :path: ".symlinks/plugins/path_provider_foundation/ios"
  url_launcher_ios:
    :path: ".symlinks/plugins/url_launcher_ios/ios"

SPEC CHECKSUMS:
  Flutter: f04841e97a9d0b0a8025694d0796dd46242b2854
  flutter_okta_auth_sdk: 237edee3ae8a1673aa473d369a73be124c0fbe7f
  flutter_secure_storage: 23fc622d89d073675f2eaa109381aefbcf5a49be
  geolocator_apple: cc556e6844d508c95df1e87e3ea6fa4e58c50401
  OktaJWT: d9934b947fd0742713557b9ab9e1a313d40751cc
  OktaOidc: 15fb3d494103d4f07ba8a523b3347d02c4d30486
  path_provider_foundation: c68054786f1b4f3343858c1e1d0caaded73f0be9
  url_launcher_ios: 08a3dfac5fb39e8759aeb0abbd5d9480f30fc8b4

PODFILE CHECKSUM: ef19549a9bc3046e7bb7d2fab4d021637c0c58a3

COCOAPODS: 1.12.0
